
Microsoft Visual Studio Solution File, Format Version 12.00
# Visual Studio Version 16
VisualStudioVersion = 16.0.810.16
MinimumVisualStudioVersion = 10.0.40219.1
Project("{FAE04EC0-301F-11D3-BF4B-00C04F79EFBC}") = "control.Android", "control.Android\control.Android.csproj", "{135A6089-8C09-4C96-A89A-24B1EA458FD7}"
EndProject
Project("{FAE04EC0-301F-11D3-BF4B-00C04F79EFBC}") = "control.iOS", "control.iOS\control.iOS.csproj", "{A3FABB47-8B81-4BB6-88B1-4D2DED051CE4}"
EndProject
Project("{FAE04EC0-301F-11D3-BF4B-00C04F79EFBC}") = "control", "control\control.csproj", "{B6155A4E-030F-46E7-94AF-BF4B26E89066}"
EndProject
Global
	GlobalSection(SolutionConfigurationPlatforms) = preSolution
		Debug|Any CPU = Debug|Any CPU
		Release|Any CPU = Release|Any CPU
		Debug|iPhoneSimulator = Debug|iPhoneSimulator
		Release|iPhoneSimulator = Release|iPhoneSimulator
		Debug|iPhone = Debug|iPhone
		Release|iPhone = Release|iPhone
	EndGlobalSection
	GlobalSection(ProjectConfigurationPlatforms) = postSolution
		{135A6089-8C09-4C96-A89A-24B1EA458FD7}.Debug|Any CPU.ActiveCfg = Debug|Any CPU
		{135A6089-8C09-4C96-A89A-24B1EA458FD7}.Debug|Any CPU.Build.0 = Debug|Any CPU
		{135A6089-8C09-4C96-A89A-24B1EA458FD7}.Release|Any CPU.ActiveCfg = Release|Any CPU
		{135A6089-8C09-4C96-A89A-24B1EA458FD7}.Release|Any CPU.Build.0 = Release|Any CPU
		{135A6089-8C09-4C96-A89A-24B1EA458FD7}.Debug|iPhoneSimulator.ActiveCfg = Debug|Any CPU
		{135A6089-8C09-4C96-A89A-24B1EA458FD7}.Debug|iPhoneSimulator.Build.0 = Debug|Any CPU
		{135A6089-8C09-4C96-A89A-24B1EA458FD7}.Release|iPhoneSimulator.ActiveCfg = Release|Any CPU
		{135A6089-8C09-4C96-A89A-24B1EA458FD7}.Release|iPhoneSimulator.Build.0 = Release|Any CPU
		{135A6089-8C09-4C96-A89A-24B1EA458FD7}.Debug|iPhone.ActiveCfg = Debug|Any CPU
		{135A6089-8C09-4C96-A89A-24B1EA458FD7}.Debug|iPhone.Build.0 = Debug|Any CPU
		{135A6089-8C09-4C96-A89A-24B1EA458FD7}.Release|iPhone.ActiveCfg = Release|Any CPU
		{135A6089-8C09-4C96-A89A-24B1EA458FD7}.Release|iPhone.Build.0 = Release|Any CPU
		{A3FABB47-8B81-4BB6-88B1-4D2DED051CE4}.Debug|Any CPU.ActiveCfg = Debug|iPhoneSimulator
		{A3FABB47-8B81-4BB6-88B1-4D2DED051CE4}.Debug|Any CPU.Build.0 = Debug|iPhoneSimulator
		{A3FABB47-8B81-4BB6-88B1-4D2DED051CE4}.Release|Any CPU.ActiveCfg = Release|iPhoneSimulator
		{A3FABB47-8B81-4BB6-88B1-4D2DED051CE4}.Release|Any CPU.Build.0 = Release|iPhoneSimulator
		{A3FABB47-8B81-4BB6-88B1-4D2DED051CE4}.Debug|iPhoneSimulator.ActiveCfg = Debug|iPhoneSimulator
		{A3FABB47-8B81-4BB6-88B1-4D2DED051CE4}.Debug|iPhoneSimulator.Build.0 = Debug|iPhoneSimulator
		{A3FABB47-8B81-4BB6-88B1-4D2DED051CE4}.Release|iPhoneSimulator.ActiveCfg = Release|iPhoneSimulator
		{A3FABB47-8B81-4BB6-88B1-4D2DED051CE4}.Release|iPhoneSimulator.Build.0 = Release|iPhoneSimulator
		{A3FABB47-8B81-4BB6-88B1-4D2DED051CE4}.Debug|iPhone.ActiveCfg = Debug|iPhone
		{A3FABB47-8B81-4BB6-88B1-4D2DED051CE4}.Debug|iPhone.Build.0 = Debug|iPhone
		{A3FABB47-8B81-4BB6-88B1-4D2DED051CE4}.Release|iPhone.ActiveCfg = Release|iPhone
		{A3FABB47-8B81-4BB6-88B1-4D2DED051CE4}.Release|iPhone.Build.0 = Release|iPhone
		{B6155A4E-030F-46E7-94AF-BF4B26E89066}.Debug|Any CPU.ActiveCfg = Debug|Any CPU
		{B6155A4E-030F-46E7-94AF-BF4B26E89066}.Debug|Any CPU.Build.0 = Debug|Any CPU
		{B6155A4E-030F-46E7-94AF-BF4B26E89066}.Release|Any CPU.ActiveCfg = Release|Any CPU
		{B6155A4E-030F-46E7-94AF-BF4B26E89066}.Release|Any CPU.Build.0 = Release|Any CPU
		{B6155A4E-030F-46E7-94AF-BF4B26E89066}.Debug|iPhoneSimulator.ActiveCfg = Debug|Any CPU
		{B6155A4E-030F-46E7-94AF-BF4B26E89066}.Debug|iPhoneSimulator.Build.0 = Debug|Any CPU
		{B6155A4E-030F-46E7-94AF-BF4B26E89066}.Release|iPhoneSimulator.ActiveCfg = Release|Any CPU
		{B6155A4E-030F-46E7-94AF-BF4B26E89066}.Release|iPhoneSimulator.Build.0 = Release|Any CPU
		{B6155A4E-030F-46E7-94AF-BF4B26E89066}.Debug|iPhone.ActiveCfg = Debug|Any CPU
		{B6155A4E-030F-46E7-94AF-BF4B26E89066}.Debug|iPhone.Build.0 = Debug|Any CPU
		{B6155A4E-030F-46E7-94AF-BF4B26E89066}.Release|iPhone.ActiveCfg = Release|Any CPU
		{B6155A4E-030F-46E7-94AF-BF4B26E89066}.Release|iPhone.Build.0 = Release|Any CPU
	EndGlobalSection
	GlobalSection(SolutionProperties) = preSolution
		HideSolutionNode = FALSE
	EndGlobalSection
	GlobalSection(ExtensibilityGlobals) = postSolution
		SolutionGuid = {EE0037A5-0752-48F5-BE1C-B994032A5511}
	EndGlobalSection
EndGlobal
